
Microsoft Visual Studio Solution File, Format Version 12.00
# Visual Studio Version 17
VisualStudioVersion = 17.9.34902.65
MinimumVisualStudioVersion = 10.0.40219.1
Project("{FAE04EC0-301F-11D3-BF4B-00C04F79EFBC}") = "Projeto105", "Projeto105\Projeto105.csproj", "{B202C507-8EF1-47B4-86FD-D8F76E69144E}"
EndProject
Global
	GlobalSection(SolutionConfigurationPlatforms) = preSolution
		Debug|Any CPU = Debug|Any CPU
		Release|Any CPU = Release|Any CPU
	EndGlobalSection
	GlobalSection(ProjectConfigurationPlatforms) = postSolution
		{B202C507-8EF1-47B4-86FD-D8F76E69144E}.Debug|Any CPU.ActiveCfg = Debug|Any CPU
		{B202C507-8EF1-47B4-86FD-D8F76E69144E}.Debug|Any CPU.Build.0 = Debug|Any CPU
		{B202C507-8EF1-47B4-86FD-D8F76E69144E}.Release|Any CPU.ActiveCfg = Release|Any CPU
		{B202C507-8EF1-47B4-86FD-D8F76E69144E}.Release|Any CPU.Build.0 = Release|Any CPU
	EndGlobalSection
	GlobalSection(SolutionProperties) = preSolution
		HideSolutionNode = FALSE
	EndGlobalSection
	GlobalSection(ExtensibilityGlobals) = postSolution
		SolutionGuid = {013A79DF-C975-4F79-8790-25B2408EF2D7}
	EndGlobalSection
EndGlobal
