
Microsoft Visual Studio Solution File, Format Version 12.00
# Visual Studio Version 17
VisualStudioVersion = 17.9.34728.123
MinimumVisualStudioVersion = 10.0.40219.1
Project("{FAE04EC0-301F-11D3-BF4B-00C04F79EFBC}") = "Projeto41", "Projeto41\Projeto41.csproj", "{28E2B7E8-B665-444E-A899-7AF09FFB4668}"
EndProject
Global
	GlobalSection(SolutionConfigurationPlatforms) = preSolution
		Debug|Any CPU = Debug|Any CPU
		Release|Any CPU = Release|Any CPU
	EndGlobalSection
	GlobalSection(ProjectConfigurationPlatforms) = postSolution
		{28E2B7E8-B665-444E-A899-7AF09FFB4668}.Debug|Any CPU.ActiveCfg = Debug|Any CPU
		{28E2B7E8-B665-444E-A899-7AF09FFB4668}.Debug|Any CPU.Build.0 = Debug|Any CPU
		{28E2B7E8-B665-444E-A899-7AF09FFB4668}.Release|Any CPU.ActiveCfg = Release|Any CPU
		{28E2B7E8-B665-444E-A899-7AF09FFB4668}.Release|Any CPU.Build.0 = Release|Any CPU
	EndGlobalSection
	GlobalSection(SolutionProperties) = preSolution
		HideSolutionNode = FALSE
	EndGlobalSection
	GlobalSection(ExtensibilityGlobals) = postSolution
		SolutionGuid = {D1DCE028-EAD7-4A90-A663-8C53B6795D90}
	EndGlobalSection
EndGlobal
