
Microsoft Visual Studio Solution File, Format Version 12.00
# Visual Studio Version 17
VisualStudioVersion = 17.9.34902.65
MinimumVisualStudioVersion = 10.0.40219.1
Project("{FAE04EC0-301F-11D3-BF4B-00C04F79EFBC}") = "Projeto89", "Projeto89\Projeto89.csproj", "{31F8B9E6-3968-466F-B4BF-B443E09D3AFA}"
EndProject
Global
	GlobalSection(SolutionConfigurationPlatforms) = preSolution
		Debug|Any CPU = Debug|Any CPU
		Release|Any CPU = Release|Any CPU
	EndGlobalSection
	GlobalSection(ProjectConfigurationPlatforms) = postSolution
		{31F8B9E6-3968-466F-B4BF-B443E09D3AFA}.Debug|Any CPU.ActiveCfg = Debug|Any CPU
		{31F8B9E6-3968-466F-B4BF-B443E09D3AFA}.Debug|Any CPU.Build.0 = Debug|Any CPU
		{31F8B9E6-3968-466F-B4BF-B443E09D3AFA}.Release|Any CPU.ActiveCfg = Release|Any CPU
		{31F8B9E6-3968-466F-B4BF-B443E09D3AFA}.Release|Any CPU.Build.0 = Release|Any CPU
	EndGlobalSection
	GlobalSection(SolutionProperties) = preSolution
		HideSolutionNode = FALSE
	EndGlobalSection
	GlobalSection(ExtensibilityGlobals) = postSolution
		SolutionGuid = {0DD17AC1-71FB-45B8-BC93-E8A520778775}
	EndGlobalSection
EndGlobal
