
Microsoft Visual Studio Solution File, Format Version 12.00
# Visual Studio Version 17
VisualStudioVersion = 17.9.34714.143
MinimumVisualStudioVersion = 10.0.40219.1
Project("{FAE04EC0-301F-11D3-BF4B-00C04F79EFBC}") = "Projeto28", "Projeto28\Projeto28.csproj", "{44681824-042C-4C09-A3C3-05D0514C4AE9}"
EndProject
Global
	GlobalSection(SolutionConfigurationPlatforms) = preSolution
		Debug|Any CPU = Debug|Any CPU
		Release|Any CPU = Release|Any CPU
	EndGlobalSection
	GlobalSection(ProjectConfigurationPlatforms) = postSolution
		{44681824-042C-4C09-A3C3-05D0514C4AE9}.Debug|Any CPU.ActiveCfg = Debug|Any CPU
		{44681824-042C-4C09-A3C3-05D0514C4AE9}.Debug|Any CPU.Build.0 = Debug|Any CPU
		{44681824-042C-4C09-A3C3-05D0514C4AE9}.Release|Any CPU.ActiveCfg = Release|Any CPU
		{44681824-042C-4C09-A3C3-05D0514C4AE9}.Release|Any CPU.Build.0 = Release|Any CPU
	EndGlobalSection
	GlobalSection(SolutionProperties) = preSolution
		HideSolutionNode = FALSE
	EndGlobalSection
	GlobalSection(ExtensibilityGlobals) = postSolution
		SolutionGuid = {A6848BC4-A670-4810-835D-AA6B2FFCFB06}
	EndGlobalSection
EndGlobal
