
Microsoft Visual Studio Solution File, Format Version 12.00
# Visual Studio Version 17
VisualStudioVersion = 17.9.34902.65
MinimumVisualStudioVersion = 10.0.40219.1
Project("{FAE04EC0-301F-11D3-BF4B-00C04F79EFBC}") = "Projeto66", "Projeto66\Projeto66.csproj", "{69D99C4D-752F-44CD-A584-0CDF685453F3}"
EndProject
Global
	GlobalSection(SolutionConfigurationPlatforms) = preSolution
		Debug|Any CPU = Debug|Any CPU
		Release|Any CPU = Release|Any CPU
	EndGlobalSection
	GlobalSection(ProjectConfigurationPlatforms) = postSolution
		{69D99C4D-752F-44CD-A584-0CDF685453F3}.Debug|Any CPU.ActiveCfg = Debug|Any CPU
		{69D99C4D-752F-44CD-A584-0CDF685453F3}.Debug|Any CPU.Build.0 = Debug|Any CPU
		{69D99C4D-752F-44CD-A584-0CDF685453F3}.Release|Any CPU.ActiveCfg = Release|Any CPU
		{69D99C4D-752F-44CD-A584-0CDF685453F3}.Release|Any CPU.Build.0 = Release|Any CPU
	EndGlobalSection
	GlobalSection(SolutionProperties) = preSolution
		HideSolutionNode = FALSE
	EndGlobalSection
	GlobalSection(ExtensibilityGlobals) = postSolution
		SolutionGuid = {5F559383-C399-43BD-87DD-C74E6F3354CE}
	EndGlobalSection
EndGlobal
