
Microsoft Visual Studio Solution File, Format Version 12.00
# Visual Studio Version 17
VisualStudioVersion = 17.9.34728.123
MinimumVisualStudioVersion = 10.0.40219.1
Project("{FAE04EC0-301F-11D3-BF4B-00C04F79EFBC}") = "Projeto34", "Projeto34\Projeto34.csproj", "{EA88B059-EF3E-407F-9FB0-B89AB6753215}"
EndProject
Global
	GlobalSection(SolutionConfigurationPlatforms) = preSolution
		Debug|Any CPU = Debug|Any CPU
		Release|Any CPU = Release|Any CPU
	EndGlobalSection
	GlobalSection(ProjectConfigurationPlatforms) = postSolution
		{EA88B059-EF3E-407F-9FB0-B89AB6753215}.Debug|Any CPU.ActiveCfg = Debug|Any CPU
		{EA88B059-EF3E-407F-9FB0-B89AB6753215}.Debug|Any CPU.Build.0 = Debug|Any CPU
		{EA88B059-EF3E-407F-9FB0-B89AB6753215}.Release|Any CPU.ActiveCfg = Release|Any CPU
		{EA88B059-EF3E-407F-9FB0-B89AB6753215}.Release|Any CPU.Build.0 = Release|Any CPU
	EndGlobalSection
	GlobalSection(SolutionProperties) = preSolution
		HideSolutionNode = FALSE
	EndGlobalSection
	GlobalSection(ExtensibilityGlobals) = postSolution
		SolutionGuid = {579BCAD3-0A49-4B03-9EE9-343E3DBC7DC5}
	EndGlobalSection
EndGlobal
