
Microsoft Visual Studio Solution File, Format Version 12.00
# Visual Studio Version 17
VisualStudioVersion = 17.11.35327.3
MinimumVisualStudioVersion = 10.0.40219.1
Project("{FAE04EC0-301F-11D3-BF4B-00C04F79EFBC}") = "Projeto157", "Projeto157\Projeto157.csproj", "{C937C689-9EB4-4727-BFDB-A9EE213AEDCA}"
EndProject
Global
	GlobalSection(SolutionConfigurationPlatforms) = preSolution
		Debug|Any CPU = Debug|Any CPU
		Release|Any CPU = Release|Any CPU
	EndGlobalSection
	GlobalSection(ProjectConfigurationPlatforms) = postSolution
		{C937C689-9EB4-4727-BFDB-A9EE213AEDCA}.Debug|Any CPU.ActiveCfg = Debug|Any CPU
		{C937C689-9EB4-4727-BFDB-A9EE213AEDCA}.Debug|Any CPU.Build.0 = Debug|Any CPU
		{C937C689-9EB4-4727-BFDB-A9EE213AEDCA}.Release|Any CPU.ActiveCfg = Release|Any CPU
		{C937C689-9EB4-4727-BFDB-A9EE213AEDCA}.Release|Any CPU.Build.0 = Release|Any CPU
	EndGlobalSection
	GlobalSection(SolutionProperties) = preSolution
		HideSolutionNode = FALSE
	EndGlobalSection
	GlobalSection(ExtensibilityGlobals) = postSolution
		SolutionGuid = {58F38278-FE4C-474C-8D98-76434CE2DF70}
	EndGlobalSection
EndGlobal
