
Microsoft Visual Studio Solution File, Format Version 12.00
# Visual Studio Version 17
VisualStudioVersion = 17.13.35818.85 d17.13
MinimumVisualStudioVersion = 10.0.40219.1
Project("{FAE04EC0-301F-11D3-BF4B-00C04F79EFBC}") = "Projeto162", "Projeto162\Projeto162.csproj", "{2F140424-4ECF-46B0-A541-94CE50AE2AA8}"
EndProject
Global
	GlobalSection(SolutionConfigurationPlatforms) = preSolution
		Debug|Any CPU = Debug|Any CPU
		Release|Any CPU = Release|Any CPU
	EndGlobalSection
	GlobalSection(ProjectConfigurationPlatforms) = postSolution
		{2F140424-4ECF-46B0-A541-94CE50AE2AA8}.Debug|Any CPU.ActiveCfg = Debug|Any CPU
		{2F140424-4ECF-46B0-A541-94CE50AE2AA8}.Debug|Any CPU.Build.0 = Debug|Any CPU
		{2F140424-4ECF-46B0-A541-94CE50AE2AA8}.Release|Any CPU.ActiveCfg = Release|Any CPU
		{2F140424-4ECF-46B0-A541-94CE50AE2AA8}.Release|Any CPU.Build.0 = Release|Any CPU
	EndGlobalSection
	GlobalSection(SolutionProperties) = preSolution
		HideSolutionNode = FALSE
	EndGlobalSection
	GlobalSection(ExtensibilityGlobals) = postSolution
		SolutionGuid = {D60E8272-6543-4303-9675-3DD34AD0679F}
	EndGlobalSection
EndGlobal
