
Microsoft Visual Studio Solution File, Format Version 12.00
# Visual Studio Version 17
VisualStudioVersion = 17.11.35312.102
MinimumVisualStudioVersion = 10.0.40219.1
Project("{FAE04EC0-301F-11D3-BF4B-00C04F79EFBC}") = "Projeto141", "Projeto141\Projeto141.csproj", "{17B4A234-51AD-4F2A-9F2B-227423EDAFC2}"
EndProject
Global
	GlobalSection(SolutionConfigurationPlatforms) = preSolution
		Debug|Any CPU = Debug|Any CPU
		Release|Any CPU = Release|Any CPU
	EndGlobalSection
	GlobalSection(ProjectConfigurationPlatforms) = postSolution
		{17B4A234-51AD-4F2A-9F2B-227423EDAFC2}.Debug|Any CPU.ActiveCfg = Debug|Any CPU
		{17B4A234-51AD-4F2A-9F2B-227423EDAFC2}.Debug|Any CPU.Build.0 = Debug|Any CPU
		{17B4A234-51AD-4F2A-9F2B-227423EDAFC2}.Release|Any CPU.ActiveCfg = Release|Any CPU
		{17B4A234-51AD-4F2A-9F2B-227423EDAFC2}.Release|Any CPU.Build.0 = Release|Any CPU
	EndGlobalSection
	GlobalSection(SolutionProperties) = preSolution
		HideSolutionNode = FALSE
	EndGlobalSection
	GlobalSection(ExtensibilityGlobals) = postSolution
		SolutionGuid = {B4EF2B14-0A81-4107-9081-502805C6F150}
	EndGlobalSection
EndGlobal
