
Microsoft Visual Studio Solution File, Format Version 12.00
# Visual Studio Version 17
VisualStudioVersion = 17.11.35312.102
MinimumVisualStudioVersion = 10.0.40219.1
Project("{FAE04EC0-301F-11D3-BF4B-00C04F79EFBC}") = "Projeto135", "Projeto135\Projeto135.csproj", "{547C3E4D-1622-4317-828F-232C1DC384CB}"
EndProject
Global
	GlobalSection(SolutionConfigurationPlatforms) = preSolution
		Debug|Any CPU = Debug|Any CPU
		Release|Any CPU = Release|Any CPU
	EndGlobalSection
	GlobalSection(ProjectConfigurationPlatforms) = postSolution
		{547C3E4D-1622-4317-828F-232C1DC384CB}.Debug|Any CPU.ActiveCfg = Debug|Any CPU
		{547C3E4D-1622-4317-828F-232C1DC384CB}.Debug|Any CPU.Build.0 = Debug|Any CPU
		{547C3E4D-1622-4317-828F-232C1DC384CB}.Release|Any CPU.ActiveCfg = Release|Any CPU
		{547C3E4D-1622-4317-828F-232C1DC384CB}.Release|Any CPU.Build.0 = Release|Any CPU
	EndGlobalSection
	GlobalSection(SolutionProperties) = preSolution
		HideSolutionNode = FALSE
	EndGlobalSection
	GlobalSection(ExtensibilityGlobals) = postSolution
		SolutionGuid = {54595768-20FF-4709-8472-3870AB3C7C0C}
	EndGlobalSection
EndGlobal
