
Microsoft Visual Studio Solution File, Format Version 12.00
# Visual Studio Version 17
VisualStudioVersion = 17.11.35327.3
MinimumVisualStudioVersion = 10.0.40219.1
Project("{FAE04EC0-301F-11D3-BF4B-00C04F79EFBC}") = "Projeto143", "Projeto143\Projeto143.csproj", "{93CD7B43-33F9-4BBD-8599-7B444335D6D2}"
EndProject
Global
	GlobalSection(SolutionConfigurationPlatforms) = preSolution
		Debug|Any CPU = Debug|Any CPU
		Release|Any CPU = Release|Any CPU
	EndGlobalSection
	GlobalSection(ProjectConfigurationPlatforms) = postSolution
		{93CD7B43-33F9-4BBD-8599-7B444335D6D2}.Debug|Any CPU.ActiveCfg = Debug|Any CPU
		{93CD7B43-33F9-4BBD-8599-7B444335D6D2}.Debug|Any CPU.Build.0 = Debug|Any CPU
		{93CD7B43-33F9-4BBD-8599-7B444335D6D2}.Release|Any CPU.ActiveCfg = Release|Any CPU
		{93CD7B43-33F9-4BBD-8599-7B444335D6D2}.Release|Any CPU.Build.0 = Release|Any CPU
	EndGlobalSection
	GlobalSection(SolutionProperties) = preSolution
		HideSolutionNode = FALSE
	EndGlobalSection
	GlobalSection(ExtensibilityGlobals) = postSolution
		SolutionGuid = {89EC6B41-A052-4A09-ADF8-24CC6455BE29}
	EndGlobalSection
EndGlobal
