
Microsoft Visual Studio Solution File, Format Version 12.00
# Visual Studio Version 17
VisualStudioVersion = 17.13.35919.96 d17.13
MinimumVisualStudioVersion = 10.0.40219.1
Project("{FAE04EC0-301F-11D3-BF4B-00C04F79EFBC}") = "Projeto183", "Projeto183\Projeto183.csproj", "{3DAF9B82-0BE1-4FE1-8489-E8C6D943B8C4}"
EndProject
Global
	GlobalSection(SolutionConfigurationPlatforms) = preSolution
		Debug|Any CPU = Debug|Any CPU
		Release|Any CPU = Release|Any CPU
	EndGlobalSection
	GlobalSection(ProjectConfigurationPlatforms) = postSolution
		{3DAF9B82-0BE1-4FE1-8489-E8C6D943B8C4}.Debug|Any CPU.ActiveCfg = Debug|Any CPU
		{3DAF9B82-0BE1-4FE1-8489-E8C6D943B8C4}.Debug|Any CPU.Build.0 = Debug|Any CPU
		{3DAF9B82-0BE1-4FE1-8489-E8C6D943B8C4}.Release|Any CPU.ActiveCfg = Release|Any CPU
		{3DAF9B82-0BE1-4FE1-8489-E8C6D943B8C4}.Release|Any CPU.Build.0 = Release|Any CPU
	EndGlobalSection
	GlobalSection(SolutionProperties) = preSolution
		HideSolutionNode = FALSE
	EndGlobalSection
	GlobalSection(ExtensibilityGlobals) = postSolution
		SolutionGuid = {A5064C9E-527F-4E88-8553-5420E504D04D}
	EndGlobalSection
EndGlobal
