
Microsoft Visual Studio Solution File, Format Version 12.00
# Visual Studio Version 17
VisualStudioVersion = 17.9.34728.123
MinimumVisualStudioVersion = 10.0.40219.1
Project("{FAE04EC0-301F-11D3-BF4B-00C04F79EFBC}") = "Projeto60", "Projeto60\Projeto60.csproj", "{C3468C0F-847F-497F-AD60-6ABEE38C3194}"
EndProject
Global
	GlobalSection(SolutionConfigurationPlatforms) = preSolution
		Debug|Any CPU = Debug|Any CPU
		Release|Any CPU = Release|Any CPU
	EndGlobalSection
	GlobalSection(ProjectConfigurationPlatforms) = postSolution
		{C3468C0F-847F-497F-AD60-6ABEE38C3194}.Debug|Any CPU.ActiveCfg = Debug|Any CPU
		{C3468C0F-847F-497F-AD60-6ABEE38C3194}.Debug|Any CPU.Build.0 = Debug|Any CPU
		{C3468C0F-847F-497F-AD60-6ABEE38C3194}.Release|Any CPU.ActiveCfg = Release|Any CPU
		{C3468C0F-847F-497F-AD60-6ABEE38C3194}.Release|Any CPU.Build.0 = Release|Any CPU
	EndGlobalSection
	GlobalSection(SolutionProperties) = preSolution
		HideSolutionNode = FALSE
	EndGlobalSection
	GlobalSection(ExtensibilityGlobals) = postSolution
		SolutionGuid = {65926332-BE22-4278-AABC-951356CC168C}
	EndGlobalSection
EndGlobal
