
Microsoft Visual Studio Solution File, Format Version 12.00
# Visual Studio Version 17
VisualStudioVersion = 17.9.34902.65
MinimumVisualStudioVersion = 10.0.40219.1
Project("{FAE04EC0-301F-11D3-BF4B-00C04F79EFBC}") = "Projeto107", "Projeto107\Projeto107.csproj", "{7FC5CFFC-91B4-4BC5-A39E-7F82FBA81F3A}"
EndProject
Global
	GlobalSection(SolutionConfigurationPlatforms) = preSolution
		Debug|Any CPU = Debug|Any CPU
		Release|Any CPU = Release|Any CPU
	EndGlobalSection
	GlobalSection(ProjectConfigurationPlatforms) = postSolution
		{7FC5CFFC-91B4-4BC5-A39E-7F82FBA81F3A}.Debug|Any CPU.ActiveCfg = Debug|Any CPU
		{7FC5CFFC-91B4-4BC5-A39E-7F82FBA81F3A}.Debug|Any CPU.Build.0 = Debug|Any CPU
		{7FC5CFFC-91B4-4BC5-A39E-7F82FBA81F3A}.Release|Any CPU.ActiveCfg = Release|Any CPU
		{7FC5CFFC-91B4-4BC5-A39E-7F82FBA81F3A}.Release|Any CPU.Build.0 = Release|Any CPU
	EndGlobalSection
	GlobalSection(SolutionProperties) = preSolution
		HideSolutionNode = FALSE
	EndGlobalSection
	GlobalSection(ExtensibilityGlobals) = postSolution
		SolutionGuid = {37D9A13A-D424-459E-82F1-86C3374D7DF8}
	EndGlobalSection
EndGlobal
