
Microsoft Visual Studio Solution File, Format Version 12.00
# Visual Studio Version 17
VisualStudioVersion = 17.9.34728.123
MinimumVisualStudioVersion = 10.0.40219.1
Project("{FAE04EC0-301F-11D3-BF4B-00C04F79EFBC}") = "Projeto48", "Projeto48\Projeto48.csproj", "{1B3A65E1-75AB-4907-9875-C242F42F559B}"
EndProject
Global
	GlobalSection(SolutionConfigurationPlatforms) = preSolution
		Debug|Any CPU = Debug|Any CPU
		Release|Any CPU = Release|Any CPU
	EndGlobalSection
	GlobalSection(ProjectConfigurationPlatforms) = postSolution
		{1B3A65E1-75AB-4907-9875-C242F42F559B}.Debug|Any CPU.ActiveCfg = Debug|Any CPU
		{1B3A65E1-75AB-4907-9875-C242F42F559B}.Debug|Any CPU.Build.0 = Debug|Any CPU
		{1B3A65E1-75AB-4907-9875-C242F42F559B}.Release|Any CPU.ActiveCfg = Release|Any CPU
		{1B3A65E1-75AB-4907-9875-C242F42F559B}.Release|Any CPU.Build.0 = Release|Any CPU
	EndGlobalSection
	GlobalSection(SolutionProperties) = preSolution
		HideSolutionNode = FALSE
	EndGlobalSection
	GlobalSection(ExtensibilityGlobals) = postSolution
		SolutionGuid = {AED26EA3-445D-4D6D-94E4-960291E2561F}
	EndGlobalSection
EndGlobal
