
Microsoft Visual Studio Solution File, Format Version 12.00
# Visual Studio Version 17
VisualStudioVersion = 17.9.34714.143
MinimumVisualStudioVersion = 10.0.40219.1
Project("{FAE04EC0-301F-11D3-BF4B-00C04F79EFBC}") = "Projeto23", "Projeto23\Projeto23.csproj", "{E2657142-3FC1-43C9-80A1-F730726C4E64}"
EndProject
Global
	GlobalSection(SolutionConfigurationPlatforms) = preSolution
		Debug|Any CPU = Debug|Any CPU
		Release|Any CPU = Release|Any CPU
	EndGlobalSection
	GlobalSection(ProjectConfigurationPlatforms) = postSolution
		{E2657142-3FC1-43C9-80A1-F730726C4E64}.Debug|Any CPU.ActiveCfg = Debug|Any CPU
		{E2657142-3FC1-43C9-80A1-F730726C4E64}.Debug|Any CPU.Build.0 = Debug|Any CPU
		{E2657142-3FC1-43C9-80A1-F730726C4E64}.Release|Any CPU.ActiveCfg = Release|Any CPU
		{E2657142-3FC1-43C9-80A1-F730726C4E64}.Release|Any CPU.Build.0 = Release|Any CPU
	EndGlobalSection
	GlobalSection(SolutionProperties) = preSolution
		HideSolutionNode = FALSE
	EndGlobalSection
	GlobalSection(ExtensibilityGlobals) = postSolution
		SolutionGuid = {12F4D443-31C8-4F91-99D0-271B08BF7BCD}
	EndGlobalSection
EndGlobal
