
Microsoft Visual Studio Solution File, Format Version 12.00
# Visual Studio Version 17
VisualStudioVersion = 17.9.34902.65
MinimumVisualStudioVersion = 10.0.40219.1
Project("{FAE04EC0-301F-11D3-BF4B-00C04F79EFBC}") = "Projeto117", "Projeto117\Projeto117.csproj", "{FCEA63F1-5FEC-483A-9A11-B8AE4DD166EA}"
EndProject
Global
	GlobalSection(SolutionConfigurationPlatforms) = preSolution
		Debug|Any CPU = Debug|Any CPU
		Release|Any CPU = Release|Any CPU
	EndGlobalSection
	GlobalSection(ProjectConfigurationPlatforms) = postSolution
		{FCEA63F1-5FEC-483A-9A11-B8AE4DD166EA}.Debug|Any CPU.ActiveCfg = Debug|Any CPU
		{FCEA63F1-5FEC-483A-9A11-B8AE4DD166EA}.Debug|Any CPU.Build.0 = Debug|Any CPU
		{FCEA63F1-5FEC-483A-9A11-B8AE4DD166EA}.Release|Any CPU.ActiveCfg = Release|Any CPU
		{FCEA63F1-5FEC-483A-9A11-B8AE4DD166EA}.Release|Any CPU.Build.0 = Release|Any CPU
	EndGlobalSection
	GlobalSection(SolutionProperties) = preSolution
		HideSolutionNode = FALSE
	EndGlobalSection
	GlobalSection(ExtensibilityGlobals) = postSolution
		SolutionGuid = {E5D79108-12E7-4BB5-99EF-1D3D2C6FB546}
	EndGlobalSection
EndGlobal
