
Microsoft Visual Studio Solution File, Format Version 12.00
# Visual Studio Version 17
VisualStudioVersion = 17.9.34902.65
MinimumVisualStudioVersion = 10.0.40219.1
Project("{FAE04EC0-301F-11D3-BF4B-00C04F79EFBC}") = "Projeto88", "Projeto88\Projeto88.csproj", "{7AD0B7FA-5E14-4144-A816-B69F1149B9EF}"
EndProject
Global
	GlobalSection(SolutionConfigurationPlatforms) = preSolution
		Debug|Any CPU = Debug|Any CPU
		Release|Any CPU = Release|Any CPU
	EndGlobalSection
	GlobalSection(ProjectConfigurationPlatforms) = postSolution
		{7AD0B7FA-5E14-4144-A816-B69F1149B9EF}.Debug|Any CPU.ActiveCfg = Debug|Any CPU
		{7AD0B7FA-5E14-4144-A816-B69F1149B9EF}.Debug|Any CPU.Build.0 = Debug|Any CPU
		{7AD0B7FA-5E14-4144-A816-B69F1149B9EF}.Release|Any CPU.ActiveCfg = Release|Any CPU
		{7AD0B7FA-5E14-4144-A816-B69F1149B9EF}.Release|Any CPU.Build.0 = Release|Any CPU
	EndGlobalSection
	GlobalSection(SolutionProperties) = preSolution
		HideSolutionNode = FALSE
	EndGlobalSection
	GlobalSection(ExtensibilityGlobals) = postSolution
		SolutionGuid = {C6BA0084-4F5A-41AA-B43B-003114E098CC}
	EndGlobalSection
EndGlobal
