
Microsoft Visual Studio Solution File, Format Version 12.00
# Visual Studio Version 17
VisualStudioVersion = 17.9.34902.65
MinimumVisualStudioVersion = 10.0.40219.1
Project("{FAE04EC0-301F-11D3-BF4B-00C04F79EFBC}") = "Projeto91", "Projeto91\Projeto91.csproj", "{EC60198F-A4D6-4A52-945E-5A3C09E53DE4}"
EndProject
Global
	GlobalSection(SolutionConfigurationPlatforms) = preSolution
		Debug|Any CPU = Debug|Any CPU
		Release|Any CPU = Release|Any CPU
	EndGlobalSection
	GlobalSection(ProjectConfigurationPlatforms) = postSolution
		{EC60198F-A4D6-4A52-945E-5A3C09E53DE4}.Debug|Any CPU.ActiveCfg = Debug|Any CPU
		{EC60198F-A4D6-4A52-945E-5A3C09E53DE4}.Debug|Any CPU.Build.0 = Debug|Any CPU
		{EC60198F-A4D6-4A52-945E-5A3C09E53DE4}.Release|Any CPU.ActiveCfg = Release|Any CPU
		{EC60198F-A4D6-4A52-945E-5A3C09E53DE4}.Release|Any CPU.Build.0 = Release|Any CPU
	EndGlobalSection
	GlobalSection(SolutionProperties) = preSolution
		HideSolutionNode = FALSE
	EndGlobalSection
	GlobalSection(ExtensibilityGlobals) = postSolution
		SolutionGuid = {5F29C3DD-F7F4-4C99-99B8-1227EC6FA87B}
	EndGlobalSection
EndGlobal
