
Microsoft Visual Studio Solution File, Format Version 12.00
# Visual Studio Version 17
VisualStudioVersion = 17.9.34714.143
MinimumVisualStudioVersion = 10.0.40219.1
Project("{FAE04EC0-301F-11D3-BF4B-00C04F79EFBC}") = "Projeto20", "Projeto20\Projeto20.csproj", "{75F525CE-D802-4CCD-89F1-5B16CA90D2F5}"
EndProject
Global
	GlobalSection(SolutionConfigurationPlatforms) = preSolution
		Debug|Any CPU = Debug|Any CPU
		Release|Any CPU = Release|Any CPU
	EndGlobalSection
	GlobalSection(ProjectConfigurationPlatforms) = postSolution
		{75F525CE-D802-4CCD-89F1-5B16CA90D2F5}.Debug|Any CPU.ActiveCfg = Debug|Any CPU
		{75F525CE-D802-4CCD-89F1-5B16CA90D2F5}.Debug|Any CPU.Build.0 = Debug|Any CPU
		{75F525CE-D802-4CCD-89F1-5B16CA90D2F5}.Release|Any CPU.ActiveCfg = Release|Any CPU
		{75F525CE-D802-4CCD-89F1-5B16CA90D2F5}.Release|Any CPU.Build.0 = Release|Any CPU
	EndGlobalSection
	GlobalSection(SolutionProperties) = preSolution
		HideSolutionNode = FALSE
	EndGlobalSection
	GlobalSection(ExtensibilityGlobals) = postSolution
		SolutionGuid = {14DFFCCB-561F-404C-8ECC-49E4DFD3350C}
	EndGlobalSection
EndGlobal
