
Microsoft Visual Studio Solution File, Format Version 12.00
# Visual Studio Version 17
VisualStudioVersion = 17.14.36301.6 d17.14
MinimumVisualStudioVersion = 10.0.40219.1
Project("{FAE04EC0-301F-11D3-BF4B-00C04F79EFBC}") = "Projeto203", "Projeto203\Projeto203.csproj", "{C6D4E067-DEED-4250-8831-04E9FB61797D}"
EndProject
Global
	GlobalSection(SolutionConfigurationPlatforms) = preSolution
		Debug|Any CPU = Debug|Any CPU
		Release|Any CPU = Release|Any CPU
	EndGlobalSection
	GlobalSection(ProjectConfigurationPlatforms) = postSolution
		{C6D4E067-DEED-4250-8831-04E9FB61797D}.Debug|Any CPU.ActiveCfg = Debug|Any CPU
		{C6D4E067-DEED-4250-8831-04E9FB61797D}.Debug|Any CPU.Build.0 = Debug|Any CPU
		{C6D4E067-DEED-4250-8831-04E9FB61797D}.Release|Any CPU.ActiveCfg = Release|Any CPU
		{C6D4E067-DEED-4250-8831-04E9FB61797D}.Release|Any CPU.Build.0 = Release|Any CPU
	EndGlobalSection
	GlobalSection(SolutionProperties) = preSolution
		HideSolutionNode = FALSE
	EndGlobalSection
	GlobalSection(ExtensibilityGlobals) = postSolution
		SolutionGuid = {40A186D4-BBB2-4831-ABB0-5D1655AF3071}
	EndGlobalSection
EndGlobal
