
Microsoft Visual Studio Solution File, Format Version 12.00
# Visual Studio Version 17
VisualStudioVersion = 17.9.34902.65
MinimumVisualStudioVersion = 10.0.40219.1
Project("{FAE04EC0-301F-11D3-BF4B-00C04F79EFBC}") = "Projeto65", "Projeto65\Projeto65.csproj", "{2E7151FF-C3B5-41FC-B69D-79CF5BD60EAE}"
EndProject
Global
	GlobalSection(SolutionConfigurationPlatforms) = preSolution
		Debug|Any CPU = Debug|Any CPU
		Release|Any CPU = Release|Any CPU
	EndGlobalSection
	GlobalSection(ProjectConfigurationPlatforms) = postSolution
		{2E7151FF-C3B5-41FC-B69D-79CF5BD60EAE}.Debug|Any CPU.ActiveCfg = Debug|Any CPU
		{2E7151FF-C3B5-41FC-B69D-79CF5BD60EAE}.Debug|Any CPU.Build.0 = Debug|Any CPU
		{2E7151FF-C3B5-41FC-B69D-79CF5BD60EAE}.Release|Any CPU.ActiveCfg = Release|Any CPU
		{2E7151FF-C3B5-41FC-B69D-79CF5BD60EAE}.Release|Any CPU.Build.0 = Release|Any CPU
	EndGlobalSection
	GlobalSection(SolutionProperties) = preSolution
		HideSolutionNode = FALSE
	EndGlobalSection
	GlobalSection(ExtensibilityGlobals) = postSolution
		SolutionGuid = {3FF43849-1248-40AB-990E-25A895B6839B}
	EndGlobalSection
EndGlobal
