
Microsoft Visual Studio Solution File, Format Version 12.00
# Visual Studio Version 17
VisualStudioVersion = 17.9.34902.65
MinimumVisualStudioVersion = 10.0.40219.1
Project("{FAE04EC0-301F-11D3-BF4B-00C04F79EFBC}") = "Projeto76", "Projeto76\Projeto76.csproj", "{95F9B9A0-2F14-40EA-B02D-BBC94A1EE914}"
EndProject
Global
	GlobalSection(SolutionConfigurationPlatforms) = preSolution
		Debug|Any CPU = Debug|Any CPU
		Release|Any CPU = Release|Any CPU
	EndGlobalSection
	GlobalSection(ProjectConfigurationPlatforms) = postSolution
		{95F9B9A0-2F14-40EA-B02D-BBC94A1EE914}.Debug|Any CPU.ActiveCfg = Debug|Any CPU
		{95F9B9A0-2F14-40EA-B02D-BBC94A1EE914}.Debug|Any CPU.Build.0 = Debug|Any CPU
		{95F9B9A0-2F14-40EA-B02D-BBC94A1EE914}.Release|Any CPU.ActiveCfg = Release|Any CPU
		{95F9B9A0-2F14-40EA-B02D-BBC94A1EE914}.Release|Any CPU.Build.0 = Release|Any CPU
	EndGlobalSection
	GlobalSection(SolutionProperties) = preSolution
		HideSolutionNode = FALSE
	EndGlobalSection
	GlobalSection(ExtensibilityGlobals) = postSolution
		SolutionGuid = {4D98D748-8BD7-42EA-8FD6-E4E9F5852E9B}
	EndGlobalSection
EndGlobal
