
Microsoft Visual Studio Solution File, Format Version 12.00
# Visual Studio Version 17
VisualStudioVersion = 17.11.35312.102
MinimumVisualStudioVersion = 10.0.40219.1
Project("{FAE04EC0-301F-11D3-BF4B-00C04F79EFBC}") = "Projeto139", "Projeto139\Projeto139.csproj", "{D2ADCE2F-DC46-49B9-8EFF-34D9E29AEA37}"
EndProject
Global
	GlobalSection(SolutionConfigurationPlatforms) = preSolution
		Debug|Any CPU = Debug|Any CPU
		Release|Any CPU = Release|Any CPU
	EndGlobalSection
	GlobalSection(ProjectConfigurationPlatforms) = postSolution
		{D2ADCE2F-DC46-49B9-8EFF-34D9E29AEA37}.Debug|Any CPU.ActiveCfg = Debug|Any CPU
		{D2ADCE2F-DC46-49B9-8EFF-34D9E29AEA37}.Debug|Any CPU.Build.0 = Debug|Any CPU
		{D2ADCE2F-DC46-49B9-8EFF-34D9E29AEA37}.Release|Any CPU.ActiveCfg = Release|Any CPU
		{D2ADCE2F-DC46-49B9-8EFF-34D9E29AEA37}.Release|Any CPU.Build.0 = Release|Any CPU
	EndGlobalSection
	GlobalSection(SolutionProperties) = preSolution
		HideSolutionNode = FALSE
	EndGlobalSection
	GlobalSection(ExtensibilityGlobals) = postSolution
		SolutionGuid = {AF609554-4BA9-44B5-BB69-B13F537B0479}
	EndGlobalSection
EndGlobal
