
Microsoft Visual Studio Solution File, Format Version 12.00
# Visual Studio Version 17
VisualStudioVersion = 17.9.34902.65
MinimumVisualStudioVersion = 10.0.40219.1
Project("{FAE04EC0-301F-11D3-BF4B-00C04F79EFBC}") = "Projeto73", "Projeto73\Projeto73.csproj", "{1B80C311-FDB5-4A26-A104-FB840A87A5A1}"
EndProject
Global
	GlobalSection(SolutionConfigurationPlatforms) = preSolution
		Debug|Any CPU = Debug|Any CPU
		Release|Any CPU = Release|Any CPU
	EndGlobalSection
	GlobalSection(ProjectConfigurationPlatforms) = postSolution
		{1B80C311-FDB5-4A26-A104-FB840A87A5A1}.Debug|Any CPU.ActiveCfg = Debug|Any CPU
		{1B80C311-FDB5-4A26-A104-FB840A87A5A1}.Debug|Any CPU.Build.0 = Debug|Any CPU
		{1B80C311-FDB5-4A26-A104-FB840A87A5A1}.Release|Any CPU.ActiveCfg = Release|Any CPU
		{1B80C311-FDB5-4A26-A104-FB840A87A5A1}.Release|Any CPU.Build.0 = Release|Any CPU
	EndGlobalSection
	GlobalSection(SolutionProperties) = preSolution
		HideSolutionNode = FALSE
	EndGlobalSection
	GlobalSection(ExtensibilityGlobals) = postSolution
		SolutionGuid = {0C25FF2D-AF36-4E7E-8C7D-27806BA2ABB9}
	EndGlobalSection
EndGlobal
