
Microsoft Visual Studio Solution File, Format Version 12.00
# Visual Studio Version 17
VisualStudioVersion = 17.9.34714.143
MinimumVisualStudioVersion = 10.0.40219.1
Project("{FAE04EC0-301F-11D3-BF4B-00C04F79EFBC}") = "Projeto30", "Projeto30\Projeto30.csproj", "{FB643F77-8609-4FD7-8F0C-9EE9FC2628DD}"
EndProject
Global
	GlobalSection(SolutionConfigurationPlatforms) = preSolution
		Debug|Any CPU = Debug|Any CPU
		Release|Any CPU = Release|Any CPU
	EndGlobalSection
	GlobalSection(ProjectConfigurationPlatforms) = postSolution
		{FB643F77-8609-4FD7-8F0C-9EE9FC2628DD}.Debug|Any CPU.ActiveCfg = Debug|Any CPU
		{FB643F77-8609-4FD7-8F0C-9EE9FC2628DD}.Debug|Any CPU.Build.0 = Debug|Any CPU
		{FB643F77-8609-4FD7-8F0C-9EE9FC2628DD}.Release|Any CPU.ActiveCfg = Release|Any CPU
		{FB643F77-8609-4FD7-8F0C-9EE9FC2628DD}.Release|Any CPU.Build.0 = Release|Any CPU
	EndGlobalSection
	GlobalSection(SolutionProperties) = preSolution
		HideSolutionNode = FALSE
	EndGlobalSection
	GlobalSection(ExtensibilityGlobals) = postSolution
		SolutionGuid = {E47A7C10-8390-4B51-B3AC-96679AF42C47}
	EndGlobalSection
EndGlobal
