
Microsoft Visual Studio Solution File, Format Version 12.00
# Visual Studio Version 17
VisualStudioVersion = 17.11.35312.102
MinimumVisualStudioVersion = 10.0.40219.1
Project("{FAE04EC0-301F-11D3-BF4B-00C04F79EFBC}") = "Projeto138", "Projeto138\Projeto138.csproj", "{FCD55008-6397-406B-9FC7-98FC2764641B}"
EndProject
Global
	GlobalSection(SolutionConfigurationPlatforms) = preSolution
		Debug|Any CPU = Debug|Any CPU
		Release|Any CPU = Release|Any CPU
	EndGlobalSection
	GlobalSection(ProjectConfigurationPlatforms) = postSolution
		{FCD55008-6397-406B-9FC7-98FC2764641B}.Debug|Any CPU.ActiveCfg = Debug|Any CPU
		{FCD55008-6397-406B-9FC7-98FC2764641B}.Debug|Any CPU.Build.0 = Debug|Any CPU
		{FCD55008-6397-406B-9FC7-98FC2764641B}.Release|Any CPU.ActiveCfg = Release|Any CPU
		{FCD55008-6397-406B-9FC7-98FC2764641B}.Release|Any CPU.Build.0 = Release|Any CPU
	EndGlobalSection
	GlobalSection(SolutionProperties) = preSolution
		HideSolutionNode = FALSE
	EndGlobalSection
	GlobalSection(ExtensibilityGlobals) = postSolution
		SolutionGuid = {CF1DD608-6D27-422C-9E0D-62B93CF85C4A}
	EndGlobalSection
EndGlobal
