
Microsoft Visual Studio Solution File, Format Version 12.00
# Visual Studio Version 17
VisualStudioVersion = 17.11.35327.3
MinimumVisualStudioVersion = 10.0.40219.1
Project("{FAE04EC0-301F-11D3-BF4B-00C04F79EFBC}") = "Projeto146", "Projeto146\Projeto146.csproj", "{24567371-2B5B-407F-91CE-703A5BEF9E22}"
EndProject
Global
	GlobalSection(SolutionConfigurationPlatforms) = preSolution
		Debug|Any CPU = Debug|Any CPU
		Release|Any CPU = Release|Any CPU
	EndGlobalSection
	GlobalSection(ProjectConfigurationPlatforms) = postSolution
		{24567371-2B5B-407F-91CE-703A5BEF9E22}.Debug|Any CPU.ActiveCfg = Debug|Any CPU
		{24567371-2B5B-407F-91CE-703A5BEF9E22}.Debug|Any CPU.Build.0 = Debug|Any CPU
		{24567371-2B5B-407F-91CE-703A5BEF9E22}.Release|Any CPU.ActiveCfg = Release|Any CPU
		{24567371-2B5B-407F-91CE-703A5BEF9E22}.Release|Any CPU.Build.0 = Release|Any CPU
	EndGlobalSection
	GlobalSection(SolutionProperties) = preSolution
		HideSolutionNode = FALSE
	EndGlobalSection
	GlobalSection(ExtensibilityGlobals) = postSolution
		SolutionGuid = {600F1CD3-84D3-4646-8CF6-D8F2A40E615E}
	EndGlobalSection
EndGlobal
